
Microsoft Visual Studio Solution File, Format Version 12.00
# Visual Studio Version 16
VisualStudioVersion = 16.0.31702.278
MinimumVisualStudioVersion = 10.0.40219.1
Project("{FAE04EC0-301F-11D3-BF4B-00C04F79EFBC}") = "datetime_metotlari", "datetime_metotlari\datetime_metotlari.csproj", "{9103C482-73EC-46F0-A190-E302F5B1C1D6}"
EndProject
Global
	GlobalSection(SolutionConfigurationPlatforms) = preSolution
		Debug|Any CPU = Debug|Any CPU
		Release|Any CPU = Release|Any CPU
	EndGlobalSection
	GlobalSection(ProjectConfigurationPlatforms) = postSolution
		{9103C482-73EC-46F0-A190-E302F5B1C1D6}.Debug|Any CPU.ActiveCfg = Debug|Any CPU
		{9103C482-73EC-46F0-A190-E302F5B1C1D6}.Debug|Any CPU.Build.0 = Debug|Any CPU
		{9103C482-73EC-46F0-A190-E302F5B1C1D6}.Release|Any CPU.ActiveCfg = Release|Any CPU
		{9103C482-73EC-46F0-A190-E302F5B1C1D6}.Release|Any CPU.Build.0 = Release|Any CPU
	EndGlobalSection
	GlobalSection(SolutionProperties) = preSolution
		HideSolutionNode = FALSE
	EndGlobalSection
	GlobalSection(ExtensibilityGlobals) = postSolution
		SolutionGuid = {652916C1-4017-4F66-8A86-FC583D9E59C9}
	EndGlobalSection
EndGlobal
