
Microsoft Visual Studio Solution File, Format Version 12.00
# Visual Studio Version 16
VisualStudioVersion = 16.0.31702.278
MinimumVisualStudioVersion = 10.0.40219.1
Project("{FAE04EC0-301F-11D3-BF4B-00C04F79EFBC}") = "Sinif_Ornegi", "Sinif_Ornegi\Sinif_Ornegi.csproj", "{63C17106-C0C0-4CE1-8A1E-02E5544513F8}"
EndProject
Global
	GlobalSection(SolutionConfigurationPlatforms) = preSolution
		Debug|Any CPU = Debug|Any CPU
		Release|Any CPU = Release|Any CPU
	EndGlobalSection
	GlobalSection(ProjectConfigurationPlatforms) = postSolution
		{63C17106-C0C0-4CE1-8A1E-02E5544513F8}.Debug|Any CPU.ActiveCfg = Debug|Any CPU
		{63C17106-C0C0-4CE1-8A1E-02E5544513F8}.Debug|Any CPU.Build.0 = Debug|Any CPU
		{63C17106-C0C0-4CE1-8A1E-02E5544513F8}.Release|Any CPU.ActiveCfg = Release|Any CPU
		{63C17106-C0C0-4CE1-8A1E-02E5544513F8}.Release|Any CPU.Build.0 = Release|Any CPU
	EndGlobalSection
	GlobalSection(SolutionProperties) = preSolution
		HideSolutionNode = FALSE
	EndGlobalSection
	GlobalSection(ExtensibilityGlobals) = postSolution
		SolutionGuid = {929DBFC3-EA8A-432B-AAF0-5490B2E191A3}
	EndGlobalSection
EndGlobal
