
Microsoft Visual Studio Solution File, Format Version 12.00
# Visual Studio Version 16
VisualStudioVersion = 16.0.31702.278
MinimumVisualStudioVersion = 10.0.40219.1
Project("{FAE04EC0-301F-11D3-BF4B-00C04F79EFBC}") = "Timer_ile_Sayac", "Timer_ile_Sayac\Timer_ile_Sayac.csproj", "{D5C70C5D-22EC-486E-9F90-880EF67E4364}"
EndProject
Global
	GlobalSection(SolutionConfigurationPlatforms) = preSolution
		Debug|Any CPU = Debug|Any CPU
		Release|Any CPU = Release|Any CPU
	EndGlobalSection
	GlobalSection(ProjectConfigurationPlatforms) = postSolution
		{D5C70C5D-22EC-486E-9F90-880EF67E4364}.Debug|Any CPU.ActiveCfg = Debug|Any CPU
		{D5C70C5D-22EC-486E-9F90-880EF67E4364}.Debug|Any CPU.Build.0 = Debug|Any CPU
		{D5C70C5D-22EC-486E-9F90-880EF67E4364}.Release|Any CPU.ActiveCfg = Release|Any CPU
		{D5C70C5D-22EC-486E-9F90-880EF67E4364}.Release|Any CPU.Build.0 = Release|Any CPU
	EndGlobalSection
	GlobalSection(SolutionProperties) = preSolution
		HideSolutionNode = FALSE
	EndGlobalSection
	GlobalSection(ExtensibilityGlobals) = postSolution
		SolutionGuid = {2AF66C63-9411-4B2F-919B-77C23EEB6A8E}
	EndGlobalSection
EndGlobal
