
Microsoft Visual Studio Solution File, Format Version 12.00
# Visual Studio Version 16
VisualStudioVersion = 16.0.31702.278
MinimumVisualStudioVersion = 10.0.40219.1
Project("{FAE04EC0-301F-11D3-BF4B-00C04F79EFBC}") = "DinamikDiziler(ArrayList)", "DinamikDiziler(ArrayList)\DinamikDiziler(ArrayList).csproj", "{8B16D100-17F0-4048-B21E-22D7D8BC83FD}"
EndProject
Global
	GlobalSection(SolutionConfigurationPlatforms) = preSolution
		Debug|Any CPU = Debug|Any CPU
		Release|Any CPU = Release|Any CPU
	EndGlobalSection
	GlobalSection(ProjectConfigurationPlatforms) = postSolution
		{8B16D100-17F0-4048-B21E-22D7D8BC83FD}.Debug|Any CPU.ActiveCfg = Debug|Any CPU
		{8B16D100-17F0-4048-B21E-22D7D8BC83FD}.Debug|Any CPU.Build.0 = Debug|Any CPU
		{8B16D100-17F0-4048-B21E-22D7D8BC83FD}.Release|Any CPU.ActiveCfg = Release|Any CPU
		{8B16D100-17F0-4048-B21E-22D7D8BC83FD}.Release|Any CPU.Build.0 = Release|Any CPU
	EndGlobalSection
	GlobalSection(SolutionProperties) = preSolution
		HideSolutionNode = FALSE
	EndGlobalSection
	GlobalSection(ExtensibilityGlobals) = postSolution
		SolutionGuid = {5AC1E2D5-8521-4BD7-A1F3-03FCC93F1BCA}
	EndGlobalSection
EndGlobal
