
Microsoft Visual Studio Solution File, Format Version 12.00
# Visual Studio Version 16
VisualStudioVersion = 16.0.31702.278
MinimumVisualStudioVersion = 10.0.40219.1
Project("{FAE04EC0-301F-11D3-BF4B-00C04F79EFBC}") = "Diziler", "Diziler\Diziler.csproj", "{76A7AC7C-4E92-4124-B466-46380AF6E0BA}"
EndProject
Global
	GlobalSection(SolutionConfigurationPlatforms) = preSolution
		Debug|Any CPU = Debug|Any CPU
		Release|Any CPU = Release|Any CPU
	EndGlobalSection
	GlobalSection(ProjectConfigurationPlatforms) = postSolution
		{76A7AC7C-4E92-4124-B466-46380AF6E0BA}.Debug|Any CPU.ActiveCfg = Debug|Any CPU
		{76A7AC7C-4E92-4124-B466-46380AF6E0BA}.Debug|Any CPU.Build.0 = Debug|Any CPU
		{76A7AC7C-4E92-4124-B466-46380AF6E0BA}.Release|Any CPU.ActiveCfg = Release|Any CPU
		{76A7AC7C-4E92-4124-B466-46380AF6E0BA}.Release|Any CPU.Build.0 = Release|Any CPU
	EndGlobalSection
	GlobalSection(SolutionProperties) = preSolution
		HideSolutionNode = FALSE
	EndGlobalSection
	GlobalSection(ExtensibilityGlobals) = postSolution
		SolutionGuid = {9698EDA1-6CF0-43E9-BDAC-CE469D5F3D39}
	EndGlobalSection
EndGlobal
