
Microsoft Visual Studio Solution File, Format Version 12.00
# Visual Studio Version 16
VisualStudioVersion = 16.0.31702.278
MinimumVisualStudioVersion = 10.0.40219.1
Project("{FAE04EC0-301F-11D3-BF4B-00C04F79EFBC}") = "Diziler2", "Diziler2\Diziler2.csproj", "{3EEF0ACA-0435-46F8-A498-04320CE8B5A8}"
EndProject
Global
	GlobalSection(SolutionConfigurationPlatforms) = preSolution
		Debug|Any CPU = Debug|Any CPU
		Release|Any CPU = Release|Any CPU
	EndGlobalSection
	GlobalSection(ProjectConfigurationPlatforms) = postSolution
		{3EEF0ACA-0435-46F8-A498-04320CE8B5A8}.Debug|Any CPU.ActiveCfg = Debug|Any CPU
		{3EEF0ACA-0435-46F8-A498-04320CE8B5A8}.Debug|Any CPU.Build.0 = Debug|Any CPU
		{3EEF0ACA-0435-46F8-A498-04320CE8B5A8}.Release|Any CPU.ActiveCfg = Release|Any CPU
		{3EEF0ACA-0435-46F8-A498-04320CE8B5A8}.Release|Any CPU.Build.0 = Release|Any CPU
	EndGlobalSection
	GlobalSection(SolutionProperties) = preSolution
		HideSolutionNode = FALSE
	EndGlobalSection
	GlobalSection(ExtensibilityGlobals) = postSolution
		SolutionGuid = {A4107CE8-8194-4A03-85BC-A999BEE554F0}
	EndGlobalSection
EndGlobal
