
Microsoft Visual Studio Solution File, Format Version 12.00
# Visual Studio Version 16
VisualStudioVersion = 16.0.31702.278
MinimumVisualStudioVersion = 10.0.40219.1
Project("{FAE04EC0-301F-11D3-BF4B-00C04F79EFBC}") = "YapiciveYikiciMetotlar", "YapiciveYikiciMetotlar\YapiciveYikiciMetotlar.csproj", "{7E4D3D6A-0E6B-4A1B-9F76-6BCE5A3FFC04}"
EndProject
Global
	GlobalSection(SolutionConfigurationPlatforms) = preSolution
		Debug|Any CPU = Debug|Any CPU
		Release|Any CPU = Release|Any CPU
	EndGlobalSection
	GlobalSection(ProjectConfigurationPlatforms) = postSolution
		{7E4D3D6A-0E6B-4A1B-9F76-6BCE5A3FFC04}.Debug|Any CPU.ActiveCfg = Debug|Any CPU
		{7E4D3D6A-0E6B-4A1B-9F76-6BCE5A3FFC04}.Debug|Any CPU.Build.0 = Debug|Any CPU
		{7E4D3D6A-0E6B-4A1B-9F76-6BCE5A3FFC04}.Release|Any CPU.ActiveCfg = Release|Any CPU
		{7E4D3D6A-0E6B-4A1B-9F76-6BCE5A3FFC04}.Release|Any CPU.Build.0 = Release|Any CPU
	EndGlobalSection
	GlobalSection(SolutionProperties) = preSolution
		HideSolutionNode = FALSE
	EndGlobalSection
	GlobalSection(ExtensibilityGlobals) = postSolution
		SolutionGuid = {E2D96A14-EBB7-4F0E-8B12-A52C909B2DA5}
	EndGlobalSection
EndGlobal
