
Microsoft Visual Studio Solution File, Format Version 12.00
# Visual Studio Version 16
VisualStudioVersion = 16.0.31702.278
MinimumVisualStudioVersion = 10.0.40219.1
Project("{FAE04EC0-301F-11D3-BF4B-00C04F79EFBC}") = "ArrayListMetotlari", "ArrayListMetotlari\ArrayListMetotlari.csproj", "{1AD2C811-D82F-42E6-9AEE-9EB760E3391E}"
EndProject
Global
	GlobalSection(SolutionConfigurationPlatforms) = preSolution
		Debug|Any CPU = Debug|Any CPU
		Release|Any CPU = Release|Any CPU
	EndGlobalSection
	GlobalSection(ProjectConfigurationPlatforms) = postSolution
		{1AD2C811-D82F-42E6-9AEE-9EB760E3391E}.Debug|Any CPU.ActiveCfg = Debug|Any CPU
		{1AD2C811-D82F-42E6-9AEE-9EB760E3391E}.Debug|Any CPU.Build.0 = Debug|Any CPU
		{1AD2C811-D82F-42E6-9AEE-9EB760E3391E}.Release|Any CPU.ActiveCfg = Release|Any CPU
		{1AD2C811-D82F-42E6-9AEE-9EB760E3391E}.Release|Any CPU.Build.0 = Release|Any CPU
	EndGlobalSection
	GlobalSection(SolutionProperties) = preSolution
		HideSolutionNode = FALSE
	EndGlobalSection
	GlobalSection(ExtensibilityGlobals) = postSolution
		SolutionGuid = {4E82BE21-1057-42BA-91C9-A5F489AFD914}
	EndGlobalSection
EndGlobal
