
Microsoft Visual Studio Solution File, Format Version 12.00
# Visual Studio Version 16
VisualStudioVersion = 16.0.31702.278
MinimumVisualStudioVersion = 10.0.40219.1
Project("{FAE04EC0-301F-11D3-BF4B-00C04F79EFBC}") = "TableLayoutPanel", "TableLayoutPanel\TableLayoutPanel.csproj", "{9CF45C7D-E04B-455D-915B-5C5011016ECF}"
EndProject
Global
	GlobalSection(SolutionConfigurationPlatforms) = preSolution
		Debug|Any CPU = Debug|Any CPU
		Release|Any CPU = Release|Any CPU
	EndGlobalSection
	GlobalSection(ProjectConfigurationPlatforms) = postSolution
		{9CF45C7D-E04B-455D-915B-5C5011016ECF}.Debug|Any CPU.ActiveCfg = Debug|Any CPU
		{9CF45C7D-E04B-455D-915B-5C5011016ECF}.Debug|Any CPU.Build.0 = Debug|Any CPU
		{9CF45C7D-E04B-455D-915B-5C5011016ECF}.Release|Any CPU.ActiveCfg = Release|Any CPU
		{9CF45C7D-E04B-455D-915B-5C5011016ECF}.Release|Any CPU.Build.0 = Release|Any CPU
	EndGlobalSection
	GlobalSection(SolutionProperties) = preSolution
		HideSolutionNode = FALSE
	EndGlobalSection
	GlobalSection(ExtensibilityGlobals) = postSolution
		SolutionGuid = {EF672BB0-18ED-4BB9-8127-63D365BF93F5}
	EndGlobalSection
EndGlobal
