
Microsoft Visual Studio Solution File, Format Version 11.00
# Visual Studio 2010
Project("{FAE04EC0-301F-11D3-BF4B-00C04F79EFBC}") = "30-Dijital_Saat", "30-Dijital_Saat\30-Dijital_Saat.csproj", "{DD413A48-CEA9-47A9-9D7F-0DE1916030A4}"
EndProject
Global
	GlobalSection(SolutionConfigurationPlatforms) = preSolution
		Debug|x86 = Debug|x86
		Release|x86 = Release|x86
	EndGlobalSection
	GlobalSection(ProjectConfigurationPlatforms) = postSolution
		{DD413A48-CEA9-47A9-9D7F-0DE1916030A4}.Debug|x86.ActiveCfg = Debug|x86
		{DD413A48-CEA9-47A9-9D7F-0DE1916030A4}.Debug|x86.Build.0 = Debug|x86
		{DD413A48-CEA9-47A9-9D7F-0DE1916030A4}.Release|x86.ActiveCfg = Release|x86
		{DD413A48-CEA9-47A9-9D7F-0DE1916030A4}.Release|x86.Build.0 = Release|x86
	EndGlobalSection
	GlobalSection(SolutionProperties) = preSolution
		HideSolutionNode = FALSE
	EndGlobalSection
EndGlobal
