
Microsoft Visual Studio Solution File, Format Version 12.00
# Visual Studio Version 16
VisualStudioVersion = 16.0.31702.278
MinimumVisualStudioVersion = 10.0.40219.1
Project("{FAE04EC0-301F-11D3-BF4B-00C04F79EFBC}") = "KullaniciGirisi_ve_TabKontol", "KullaniciGirisi_ve_TabKontol\KullaniciGirisi_ve_TabKontol.csproj", "{23182138-4737-49C4-BC54-4A63F230985E}"
EndProject
Global
	GlobalSection(SolutionConfigurationPlatforms) = preSolution
		Debug|Any CPU = Debug|Any CPU
		Release|Any CPU = Release|Any CPU
	EndGlobalSection
	GlobalSection(ProjectConfigurationPlatforms) = postSolution
		{23182138-4737-49C4-BC54-4A63F230985E}.Debug|Any CPU.ActiveCfg = Debug|Any CPU
		{23182138-4737-49C4-BC54-4A63F230985E}.Debug|Any CPU.Build.0 = Debug|Any CPU
		{23182138-4737-49C4-BC54-4A63F230985E}.Release|Any CPU.ActiveCfg = Release|Any CPU
		{23182138-4737-49C4-BC54-4A63F230985E}.Release|Any CPU.Build.0 = Release|Any CPU
	EndGlobalSection
	GlobalSection(SolutionProperties) = preSolution
		HideSolutionNode = FALSE
	EndGlobalSection
	GlobalSection(ExtensibilityGlobals) = postSolution
		SolutionGuid = {12E3AF5F-84B6-49CD-9FE9-9DB33A86866F}
	EndGlobalSection
EndGlobal
