
Microsoft Visual Studio Solution File, Format Version 12.00
# Visual Studio Version 16
VisualStudioVersion = 16.0.31702.278
MinimumVisualStudioVersion = 10.0.40219.1
Project("{FAE04EC0-301F-11D3-BF4B-00C04F79EFBC}") = "Timer_ile_sayac2", "Timer_ile_sayac2\Timer_ile_sayac2.csproj", "{28443466-738A-459A-84FB-259191BC7B12}"
EndProject
Global
	GlobalSection(SolutionConfigurationPlatforms) = preSolution
		Debug|Any CPU = Debug|Any CPU
		Release|Any CPU = Release|Any CPU
	EndGlobalSection
	GlobalSection(ProjectConfigurationPlatforms) = postSolution
		{28443466-738A-459A-84FB-259191BC7B12}.Debug|Any CPU.ActiveCfg = Debug|Any CPU
		{28443466-738A-459A-84FB-259191BC7B12}.Debug|Any CPU.Build.0 = Debug|Any CPU
		{28443466-738A-459A-84FB-259191BC7B12}.Release|Any CPU.ActiveCfg = Release|Any CPU
		{28443466-738A-459A-84FB-259191BC7B12}.Release|Any CPU.Build.0 = Release|Any CPU
	EndGlobalSection
	GlobalSection(SolutionProperties) = preSolution
		HideSolutionNode = FALSE
	EndGlobalSection
	GlobalSection(ExtensibilityGlobals) = postSolution
		SolutionGuid = {6CCD54AE-1847-43CE-AEC9-9C135B2C9EC6}
	EndGlobalSection
EndGlobal
