
Microsoft Visual Studio Solution File, Format Version 12.00
# Visual Studio Version 16
VisualStudioVersion = 16.0.31702.278
MinimumVisualStudioVersion = 10.0.40219.1
Project("{FAE04EC0-301F-11D3-BF4B-00C04F79EFBC}") = "SaveFileDialogg", "SaveFileDialogg\SaveFileDialogg.csproj", "{AB974FE4-B616-410E-A87E-48748BF76667}"
EndProject
Global
	GlobalSection(SolutionConfigurationPlatforms) = preSolution
		Debug|Any CPU = Debug|Any CPU
		Release|Any CPU = Release|Any CPU
	EndGlobalSection
	GlobalSection(ProjectConfigurationPlatforms) = postSolution
		{AB974FE4-B616-410E-A87E-48748BF76667}.Debug|Any CPU.ActiveCfg = Debug|Any CPU
		{AB974FE4-B616-410E-A87E-48748BF76667}.Debug|Any CPU.Build.0 = Debug|Any CPU
		{AB974FE4-B616-410E-A87E-48748BF76667}.Release|Any CPU.ActiveCfg = Release|Any CPU
		{AB974FE4-B616-410E-A87E-48748BF76667}.Release|Any CPU.Build.0 = Release|Any CPU
	EndGlobalSection
	GlobalSection(SolutionProperties) = preSolution
		HideSolutionNode = FALSE
	EndGlobalSection
	GlobalSection(ExtensibilityGlobals) = postSolution
		SolutionGuid = {D0A26284-DA86-4584-88CA-DA058566B673}
	EndGlobalSection
EndGlobal
