
Microsoft Visual Studio Solution File, Format Version 12.00
# Visual Studio Version 16
VisualStudioVersion = 16.0.31702.278
MinimumVisualStudioVersion = 10.0.40219.1
Project("{FAE04EC0-301F-11D3-BF4B-00C04F79EFBC}") = "Dialogresult_ile_form_kapatma", "Dialogresult_ile_form_kapatma\Dialogresult_ile_form_kapatma.csproj", "{46E9E416-B9B3-4B96-B982-07EBAE93F35C}"
EndProject
Global
	GlobalSection(SolutionConfigurationPlatforms) = preSolution
		Debug|Any CPU = Debug|Any CPU
		Release|Any CPU = Release|Any CPU
	EndGlobalSection
	GlobalSection(ProjectConfigurationPlatforms) = postSolution
		{46E9E416-B9B3-4B96-B982-07EBAE93F35C}.Debug|Any CPU.ActiveCfg = Debug|Any CPU
		{46E9E416-B9B3-4B96-B982-07EBAE93F35C}.Debug|Any CPU.Build.0 = Debug|Any CPU
		{46E9E416-B9B3-4B96-B982-07EBAE93F35C}.Release|Any CPU.ActiveCfg = Release|Any CPU
		{46E9E416-B9B3-4B96-B982-07EBAE93F35C}.Release|Any CPU.Build.0 = Release|Any CPU
	EndGlobalSection
	GlobalSection(SolutionProperties) = preSolution
		HideSolutionNode = FALSE
	EndGlobalSection
	GlobalSection(ExtensibilityGlobals) = postSolution
		SolutionGuid = {7B0284B7-71F2-4D47-B88D-34C845279E56}
	EndGlobalSection
EndGlobal
