
Microsoft Visual Studio Solution File, Format Version 12.00
# Visual Studio Version 16
VisualStudioVersion = 16.0.31702.278
MinimumVisualStudioVersion = 10.0.40219.1
Project("{FAE04EC0-301F-11D3-BF4B-00C04F79EFBC}") = "SiniflardaKalitim", "SiniflardaKalitim\SiniflardaKalitim.csproj", "{44F43684-2F4D-4416-B551-E36153098138}"
EndProject
Global
	GlobalSection(SolutionConfigurationPlatforms) = preSolution
		Debug|Any CPU = Debug|Any CPU
		Release|Any CPU = Release|Any CPU
	EndGlobalSection
	GlobalSection(ProjectConfigurationPlatforms) = postSolution
		{44F43684-2F4D-4416-B551-E36153098138}.Debug|Any CPU.ActiveCfg = Debug|Any CPU
		{44F43684-2F4D-4416-B551-E36153098138}.Debug|Any CPU.Build.0 = Debug|Any CPU
		{44F43684-2F4D-4416-B551-E36153098138}.Release|Any CPU.ActiveCfg = Release|Any CPU
		{44F43684-2F4D-4416-B551-E36153098138}.Release|Any CPU.Build.0 = Release|Any CPU
	EndGlobalSection
	GlobalSection(SolutionProperties) = preSolution
		HideSolutionNode = FALSE
	EndGlobalSection
	GlobalSection(ExtensibilityGlobals) = postSolution
		SolutionGuid = {CE7923FD-1A9D-4A9D-A02E-5BA9B390B26E}
	EndGlobalSection
EndGlobal
