
Microsoft Visual Studio Solution File, Format Version 12.00
# Visual Studio Version 16
VisualStudioVersion = 16.0.31702.278
MinimumVisualStudioVersion = 10.0.40219.1
Project("{FAE04EC0-301F-11D3-BF4B-00C04F79EFBC}") = "KelimeArama", "KelimeArama\KelimeArama.csproj", "{F108ABC5-43F1-48C1-99C5-3B8B6DBA7B04}"
EndProject
Global
	GlobalSection(SolutionConfigurationPlatforms) = preSolution
		Debug|Any CPU = Debug|Any CPU
		Release|Any CPU = Release|Any CPU
	EndGlobalSection
	GlobalSection(ProjectConfigurationPlatforms) = postSolution
		{F108ABC5-43F1-48C1-99C5-3B8B6DBA7B04}.Debug|Any CPU.ActiveCfg = Debug|Any CPU
		{F108ABC5-43F1-48C1-99C5-3B8B6DBA7B04}.Debug|Any CPU.Build.0 = Debug|Any CPU
		{F108ABC5-43F1-48C1-99C5-3B8B6DBA7B04}.Release|Any CPU.ActiveCfg = Release|Any CPU
		{F108ABC5-43F1-48C1-99C5-3B8B6DBA7B04}.Release|Any CPU.Build.0 = Release|Any CPU
	EndGlobalSection
	GlobalSection(SolutionProperties) = preSolution
		HideSolutionNode = FALSE
	EndGlobalSection
	GlobalSection(ExtensibilityGlobals) = postSolution
		SolutionGuid = {C4849EAF-5186-45A3-A658-B925D856BD2D}
	EndGlobalSection
EndGlobal
